
Microsoft Visual Studio Solution File, Format Version 12.00
# Visual Studio 15
VisualStudioVersion = 15.0.27130.2027
MinimumVisualStudioVersion = 10.0.40219.1
Project("{FAE04EC0-301F-11D3-BF4B-00C04F79EFBC}") = "Task2", "Task2\Task2.csproj", "{FB1DBF6D-04D0-4AC2-9BD8-15CB3A513E8D}"
EndProject
Global
	GlobalSection(SolutionConfigurationPlatforms) = preSolution
		Debug|iPhone = Debug|iPhone
		Debug|iPhoneSimulator = Debug|iPhoneSimulator
		Release|iPhone = Release|iPhone
		Release|iPhoneSimulator = Release|iPhoneSimulator
	EndGlobalSection
	GlobalSection(ProjectConfigurationPlatforms) = postSolution
		{FB1DBF6D-04D0-4AC2-9BD8-15CB3A513E8D}.Debug|iPhone.ActiveCfg = Debug|iPhone
		{FB1DBF6D-04D0-4AC2-9BD8-15CB3A513E8D}.Debug|iPhone.Build.0 = Debug|iPhone
		{FB1DBF6D-04D0-4AC2-9BD8-15CB3A513E8D}.Debug|iPhoneSimulator.ActiveCfg = Debug|iPhoneSimulator
		{FB1DBF6D-04D0-4AC2-9BD8-15CB3A513E8D}.Debug|iPhoneSimulator.Build.0 = Debug|iPhoneSimulator
		{FB1DBF6D-04D0-4AC2-9BD8-15CB3A513E8D}.Release|iPhone.ActiveCfg = Release|iPhone
		{FB1DBF6D-04D0-4AC2-9BD8-15CB3A513E8D}.Release|iPhone.Build.0 = Release|iPhone
		{FB1DBF6D-04D0-4AC2-9BD8-15CB3A513E8D}.Release|iPhoneSimulator.ActiveCfg = Release|iPhoneSimulator
		{FB1DBF6D-04D0-4AC2-9BD8-15CB3A513E8D}.Release|iPhoneSimulator.Build.0 = Release|iPhoneSimulator
	EndGlobalSection
	GlobalSection(SolutionProperties) = preSolution
		HideSolutionNode = FALSE
	EndGlobalSection
	GlobalSection(ExtensibilityGlobals) = postSolution
		SolutionGuid = {C033304B-3E6B-45BE-B85E-561853C95F9A}
	EndGlobalSection
EndGlobal
